
Microsoft Visual Studio Solution File, Format Version 12.00
# Visual Studio 15
VisualStudioVersion = 15.0.27428.2015
MinimumVisualStudioVersion = 10.0.40219.1
Project("{FAE04EC0-301F-11D3-BF4B-00C04F79EFBC}") = "TaksiSluzba", "TaksiSluzba\TaksiSluzba.csproj", "{78FCA3FF-55F6-4999-8954-2F2EE9B8DC11}"
EndProject
Project("{FAE04EC0-301F-11D3-BF4B-00C04F79EFBC}") = "TaksiSluzba.Tests", "TaksiSluzba.Tests\TaksiSluzba.Tests.csproj", "{9B59717C-A66C-4599-9FE8-8ED36CCC5C71}"
EndProject
Global
	GlobalSection(SolutionConfigurationPlatforms) = preSolution
		Debug|Any CPU = Debug|Any CPU
		Release|Any CPU = Release|Any CPU
	EndGlobalSection
	GlobalSection(ProjectConfigurationPlatforms) = postSolution
		{78FCA3FF-55F6-4999-8954-2F2EE9B8DC11}.Debug|Any CPU.ActiveCfg = Debug|Any CPU
		{78FCA3FF-55F6-4999-8954-2F2EE9B8DC11}.Debug|Any CPU.Build.0 = Debug|Any CPU
		{78FCA3FF-55F6-4999-8954-2F2EE9B8DC11}.Release|Any CPU.ActiveCfg = Release|Any CPU
		{78FCA3FF-55F6-4999-8954-2F2EE9B8DC11}.Release|Any CPU.Build.0 = Release|Any CPU
		{9B59717C-A66C-4599-9FE8-8ED36CCC5C71}.Debug|Any CPU.ActiveCfg = Debug|Any CPU
		{9B59717C-A66C-4599-9FE8-8ED36CCC5C71}.Debug|Any CPU.Build.0 = Debug|Any CPU
		{9B59717C-A66C-4599-9FE8-8ED36CCC5C71}.Release|Any CPU.ActiveCfg = Release|Any CPU
		{9B59717C-A66C-4599-9FE8-8ED36CCC5C71}.Release|Any CPU.Build.0 = Release|Any CPU
	EndGlobalSection
	GlobalSection(SolutionProperties) = preSolution
		HideSolutionNode = FALSE
	EndGlobalSection
	GlobalSection(ExtensibilityGlobals) = postSolution
		SolutionGuid = {8DD06D23-A368-4F46-B76A-55E04E892903}
	EndGlobalSection
EndGlobal
